<Solution>
  <Folder Name="/src/">
    <Project Path="src/Bolttagu.App/Bolttagu.App.csproj" />
    <Project Path="src/Bolttagu.Assets/Bolttagu.Assets.csproj" />
    <Project Path="src/Bolttagu.Contracts/Bolttagu.Contracts.csproj" />
    <Project Path="src/Bolttagu.Core/Bolttagu.Core.csproj" />
    <Project Path="src/Bolttagu.Diagnostics/Bolttagu.Diagnostics.csproj" />
    <Project Path="src/Bolttagu.Platform.Windows/Bolttagu.Platform.Windows.csproj" />
    <Project Path="src/Bolttagu.Presentation/Bolttagu.Presentation.csproj" />
    <Project Path="src/Bolttagu.Runtime/Bolttagu.Runtime.csproj" />
  </Folder>
  <Folder Name="/tests/">
    <Project Path="tests/Bolttagu.Architecture.Tests/Bolttagu.Architecture.Tests.csproj" />
  </Folder>
</Solution>
